// !$*UTF8*$!
{
	archiveVersion = 1;
	classes = {
	};
	objectVersion = 56;
	objects = {

/* Begin PBXBuildFile section */
		9F4BF29029164F21003B72D5 /* UIHelper.swift in Sources */ = {isa = PBXBuildFile; fileRef = 9F4BF28F29164F21003B72D5 /* UIHelper.swift */; };
		9F4BF2982917D225003B72D5 /* GFEmptyStateView.swift in Sources */ = {isa = PBXBuildFile; fileRef = 9F4BF2972917D225003B72D5 /* GFEmptyStateView.swift */; };
		9F72850329132B73000E96F3 /* FollowerCell.swift in Sources */ = {isa = PBXBuildFile; fileRef = 9F72850229132B73000E96F3 /* FollowerCell.swift */; };
		9F72850529132C22000E96F3 /* GFAvatarImageView.swift in Sources */ = {isa = PBXBuildFile; fileRef = 9F72850429132C22000E96F3 /* GFAvatarImageView.swift */; };
		9F7CFF8F2926137B00C3B152 /* Date+Ext.swift in Sources */ = {isa = PBXBuildFile; fileRef = 9F7CFF8E2926137B00C3B152 /* Date+Ext.swift */; };
		9F7CFF91292613A000C3B152 /* String+Ext.swift in Sources */ = {isa = PBXBuildFile; fileRef = 9F7CFF90292613A000C3B152 /* String+Ext.swift */; };
		9F7CFFB329281B9E00C3B152 /* PersistenceManager.swift in Sources */ = {isa = PBXBuildFile; fileRef = 9F7CFFB229281B9E00C3B152 /* PersistenceManager.swift */; };
		9F7CFFB52928BF9F00C3B152 /* FavoriteCell.swift in Sources */ = {isa = PBXBuildFile; fileRef = 9F7CFFB42928BF9F00C3B152 /* FavoriteCell.swift */; };
		9FB8D1E9290E75B90020D950 /* GFButton.swift in Sources */ = {isa = PBXBuildFile; fileRef = 9FB8D1E8290E75B90020D950 /* GFButton.swift */; };
		9FB8D1EB290E785B0020D950 /* GFTextField.swift in Sources */ = {isa = PBXBuildFile; fileRef = 9FB8D1EA290E785B0020D950 /* GFTextField.swift */; };
		9FB8D1ED290E8A060020D950 /* FollowerListVC.swift in Sources */ = {isa = PBXBuildFile; fileRef = 9FB8D1EC290E8A060020D950 /* FollowerListVC.swift */; };
		9FB8D1EF290E99AD0020D950 /* GFTitleLabel.swift in Sources */ = {isa = PBXBuildFile; fileRef = 9FB8D1EE290E99AD0020D950 /* GFTitleLabel.swift */; };
		9FB8D1F1290E9B300020D950 /* GFBodyLabel.swift in Sources */ = {isa = PBXBuildFile; fileRef = 9FB8D1F0290E9B300020D950 /* GFBodyLabel.swift */; };
		9FB8D1F3290E9C350020D950 /* GFAlertVC.swift in Sources */ = {isa = PBXBuildFile; fileRef = 9FB8D1F2290E9C350020D950 /* GFAlertVC.swift */; };
		9FB8D1F5290FC8DF0020D950 /* UIViewController+Ext.swift in Sources */ = {isa = PBXBuildFile; fileRef = 9FB8D1F4290FC8DF0020D950 /* UIViewController+Ext.swift */; };
		9FB8D1FC290FDE220020D950 /* Follower.swift in Sources */ = {isa = PBXBuildFile; fileRef = 9FB8D1FB290FDE220020D950 /* Follower.swift */; };
		9FB8D1FE290FDEEA0020D950 /* User.swift in Sources */ = {isa = PBXBuildFile; fileRef = 9FB8D1FD290FDEEA0020D950 /* User.swift */; };
		9FB8D20329106C300020D950 /* NetworkManager.swift in Sources */ = {isa = PBXBuildFile; fileRef = 9FB8D20229106C300020D950 /* NetworkManager.swift */; };
		9FB8D206291126660020D950 /* GFError.swift in Sources */ = {isa = PBXBuildFile; fileRef = 9FB8D205291126660020D950 /* GFError.swift */; };
		9FBAA051292287E2004210F5 /* GFUserInfoHeaderVC.swift in Sources */ = {isa = PBXBuildFile; fileRef = 9FBAA050292287E2004210F5 /* GFUserInfoHeaderVC.swift */; };
		9FBAA0532922890A004210F5 /* GFSecondaryTitleLabel.swift in Sources */ = {isa = PBXBuildFile; fileRef = 9FBAA0522922890A004210F5 /* GFSecondaryTitleLabel.swift */; };
		9FBAA055292296D4004210F5 /* Constants.swift in Sources */ = {isa = PBXBuildFile; fileRef = 9FBAA054292296D4004210F5 /* Constants.swift */; };
		9FBAA0572924071E004210F5 /* GFItemInfoView.swift in Sources */ = {isa = PBXBuildFile; fileRef = 9FBAA0562924071E004210F5 /* GFItemInfoView.swift */; };
		9FBAA05929240B21004210F5 /* GFItemInfoVC.swift in Sources */ = {isa = PBXBuildFile; fileRef = 9FBAA05829240B21004210F5 /* GFItemInfoVC.swift */; };
		9FBAA05B29240DD0004210F5 /* GFRepoItemVC.swift in Sources */ = {isa = PBXBuildFile; fileRef = 9FBAA05A29240DD0004210F5 /* GFRepoItemVC.swift */; };
		9FBAA05D29240FA5004210F5 /* GFFollowerItemVC.swift in Sources */ = {isa = PBXBuildFile; fileRef = 9FBAA05C29240FA5004210F5 /* GFFollowerItemVC.swift */; };
		9FC54865290C08FD00EB8E59 /* AppDelegate.swift in Sources */ = {isa = PBXBuildFile; fileRef = 9FC54864290C08FD00EB8E59 /* AppDelegate.swift */; };
		9FC54867290C08FD00EB8E59 /* SceneDelegate.swift in Sources */ = {isa = PBXBuildFile; fileRef = 9FC54866290C08FD00EB8E59 /* SceneDelegate.swift */; };
		9FC5486E290C08FE00EB8E59 /* Assets.xcassets in Resources */ = {isa = PBXBuildFile; fileRef = 9FC5486D290C08FE00EB8E59 /* Assets.xcassets */; };
		9FC54871290C08FE00EB8E59 /* LaunchScreen.storyboard in Resources */ = {isa = PBXBuildFile; fileRef = 9FC5486F290C08FE00EB8E59 /* LaunchScreen.storyboard */; };
		9FC54879290C102D00EB8E59 /* SearchVC.swift in Sources */ = {isa = PBXBuildFile; fileRef = 9FC54878290C102D00EB8E59 /* SearchVC.swift */; };
		9FC5487B290C106C00EB8E59 /* FavoritesListVC.swift in Sources */ = {isa = PBXBuildFile; fileRef = 9FC5487A290C106C00EB8E59 /* FavoritesListVC.swift */; };
		9FEF4AA02919B7E60006638F /* UserInfoVC.swift in Sources */ = {isa = PBXBuildFile; fileRef = 9FEF4A9F2919B7E60006638F /* UserInfoVC.swift */; };
/* End PBXBuildFile section */

/* Begin PBXFileReference section */
		9F4BF28F29164F21003B72D5 /* UIHelper.swift */ = {isa = PBXFileReference; lastKnownFileType = sourcecode.swift; path = UIHelper.swift; sourceTree = "<group>"; };
		9F4BF2972917D225003B72D5 /* GFEmptyStateView.swift */ = {isa = PBXFileReference; lastKnownFileType = sourcecode.swift; path = GFEmptyStateView.swift; sourceTree = "<group>"; };
		9F72850229132B73000E96F3 /* FollowerCell.swift */ = {isa = PBXFileReference; lastKnownFileType = sourcecode.swift; path = FollowerCell.swift; sourceTree = "<group>"; };
		9F72850429132C22000E96F3 /* GFAvatarImageView.swift */ = {isa = PBXFileReference; lastKnownFileType = sourcecode.swift; path = GFAvatarImageView.swift; sourceTree = "<group>"; };
		9F7CFF8E2926137B00C3B152 /* Date+Ext.swift */ = {isa = PBXFileReference; lastKnownFileType = sourcecode.swift; path = "Date+Ext.swift"; sourceTree = "<group>"; };
		9F7CFF90292613A000C3B152 /* String+Ext.swift */ = {isa = PBXFileReference; lastKnownFileType = sourcecode.swift; path = "String+Ext.swift"; sourceTree = "<group>"; };
		9F7CFFB229281B9E00C3B152 /* PersistenceManager.swift */ = {isa = PBXFileReference; lastKnownFileType = sourcecode.swift; path = PersistenceManager.swift; sourceTree = "<group>"; };
		9F7CFFB42928BF9F00C3B152 /* FavoriteCell.swift */ = {isa = PBXFileReference; lastKnownFileType = sourcecode.swift; path = FavoriteCell.swift; sourceTree = "<group>"; };
		9FB8D1E8290E75B90020D950 /* GFButton.swift */ = {isa = PBXFileReference; lastKnownFileType = sourcecode.swift; path = GFButton.swift; sourceTree = "<group>"; };
		9FB8D1EA290E785B0020D950 /* GFTextField.swift */ = {isa = PBXFileReference; lastKnownFileType = sourcecode.swift; path = GFTextField.swift; sourceTree = "<group>"; };
		9FB8D1EC290E8A060020D950 /* FollowerListVC.swift */ = {isa = PBXFileReference; lastKnownFileType = sourcecode.swift; path = FollowerListVC.swift; sourceTree = "<group>"; };
		9FB8D1EE290E99AD0020D950 /* GFTitleLabel.swift */ = {isa = PBXFileReference; lastKnownFileType = sourcecode.swift; path = GFTitleLabel.swift; sourceTree = "<group>"; };
		9FB8D1F0290E9B300020D950 /* GFBodyLabel.swift */ = {isa = PBXFileReference; lastKnownFileType = sourcecode.swift; path = GFBodyLabel.swift; sourceTree = "<group>"; };
		9FB8D1F2290E9C350020D950 /* GFAlertVC.swift */ = {isa = PBXFileReference; lastKnownFileType = sourcecode.swift; path = GFAlertVC.swift; sourceTree = "<group>"; };
		9FB8D1F4290FC8DF0020D950 /* UIViewController+Ext.swift */ = {isa = PBXFileReference; lastKnownFileType = sourcecode.swift; path = "UIViewController+Ext.swift"; sourceTree = "<group>"; };
		9FB8D1FB290FDE220020D950 /* Follower.swift */ = {isa = PBXFileReference; lastKnownFileType = sourcecode.swift; path = Follower.swift; sourceTree = "<group>"; };
		9FB8D1FD290FDEEA0020D950 /* User.swift */ = {isa = PBXFileReference; lastKnownFileType = sourcecode.swift; path = User.swift; sourceTree = "<group>"; };
		9FB8D20229106C300020D950 /* NetworkManager.swift */ = {isa = PBXFileReference; lastKnownFileType = sourcecode.swift; path = NetworkManager.swift; sourceTree = "<group>"; };
		9FB8D205291126660020D950 /* GFError.swift */ = {isa = PBXFileReference; lastKnownFileType = sourcecode.swift; path = GFError.swift; sourceTree = "<group>"; };
		9FBAA050292287E2004210F5 /* GFUserInfoHeaderVC.swift */ = {isa = PBXFileReference; lastKnownFileType = sourcecode.swift; path = GFUserInfoHeaderVC.swift; sourceTree = "<group>"; };
		9FBAA0522922890A004210F5 /* GFSecondaryTitleLabel.swift */ = {isa = PBXFileReference; lastKnownFileType = sourcecode.swift; path = GFSecondaryTitleLabel.swift; sourceTree = "<group>"; };
		9FBAA054292296D4004210F5 /* Constants.swift */ = {isa = PBXFileReference; lastKnownFileType = sourcecode.swift; path = Constants.swift; sourceTree = "<group>"; };
		9FBAA0562924071E004210F5 /* GFItemInfoView.swift */ = {isa = PBXFileReference; lastKnownFileType = sourcecode.swift; path = GFItemInfoView.swift; sourceTree = "<group>"; };
		9FBAA05829240B21004210F5 /* GFItemInfoVC.swift */ = {isa = PBXFileReference; lastKnownFileType = sourcecode.swift; path = GFItemInfoVC.swift; sourceTree = "<group>"; };
		9FBAA05A29240DD0004210F5 /* GFRepoItemVC.swift */ = {isa = PBXFileReference; lastKnownFileType = sourcecode.swift; path = GFRepoItemVC.swift; sourceTree = "<group>"; };
		9FBAA05C29240FA5004210F5 /* GFFollowerItemVC.swift */ = {isa = PBXFileReference; lastKnownFileType = sourcecode.swift; path = GFFollowerItemVC.swift; sourceTree = "<group>"; };
		9FC54861290C08FD00EB8E59 /* GHFollowers.app */ = {isa = PBXFileReference; explicitFileType = wrapper.application; includeInIndex = 0; path = GHFollowers.app; sourceTree = BUILT_PRODUCTS_DIR; };
		9FC54864290C08FD00EB8E59 /* AppDelegate.swift */ = {isa = PBXFileReference; lastKnownFileType = sourcecode.swift; path = AppDelegate.swift; sourceTree = "<group>"; };
		9FC54866290C08FD00EB8E59 /* SceneDelegate.swift */ = {isa = PBXFileReference; lastKnownFileType = sourcecode.swift; path = SceneDelegate.swift; sourceTree = "<group>"; };
		9FC5486D290C08FE00EB8E59 /* Assets.xcassets */ = {isa = PBXFileReference; lastKnownFileType = folder.assetcatalog; path = Assets.xcassets; sourceTree = "<group>"; };
		9FC54870290C08FE00EB8E59 /* Base */ = {isa = PBXFileReference; lastKnownFileType = file.storyboard; name = Base; path = Base.lproj/LaunchScreen.storyboard; sourceTree = "<group>"; };
		9FC54872290C08FE00EB8E59 /* Info.plist */ = {isa = PBXFileReference; lastKnownFileType = text.plist.xml; path = Info.plist; sourceTree = "<group>"; };
		9FC54878290C102D00EB8E59 /* SearchVC.swift */ = {isa = PBXFileReference; lastKnownFileType = sourcecode.swift; path = SearchVC.swift; sourceTree = "<group>"; };
		9FC5487A290C106C00EB8E59 /* FavoritesListVC.swift */ = {isa = PBXFileReference; lastKnownFileType = sourcecode.swift; path = FavoritesListVC.swift; sourceTree = "<group>"; };
		9FEF4A9F2919B7E60006638F /* UserInfoVC.swift */ = {isa = PBXFileReference; lastKnownFileType = sourcecode.swift; path = UserInfoVC.swift; sourceTree = "<group>"; };
/* End PBXFileReference section */

/* Begin PBXFrameworksBuildPhase section */
		9FC5485E290C08FD00EB8E59 /* Frameworks */ = {
			isa = PBXFrameworksBuildPhase;
			buildActionMask = 2147483647;
			files = (
			);
			runOnlyForDeploymentPostprocessing = 0;
		};
/* End PBXFrameworksBuildPhase section */

/* Begin PBXGroup section */
		9F4BF2912917D1A8003B72D5 /* Views */ = {
			isa = PBXGroup;
			children = (
				9F4BF2972917D225003B72D5 /* GFEmptyStateView.swift */,
				9FBAA0562924071E004210F5 /* GFItemInfoView.swift */,
			);
			path = Views;
			sourceTree = "<group>";
		};
		9F4BF2922917D1B0003B72D5 /* Buttons */ = {
			isa = PBXGroup;
			children = (
				9FB8D1E8290E75B90020D950 /* GFButton.swift */,
			);
			path = Buttons;
			sourceTree = "<group>";
		};
		9F4BF2932917D1B5003B72D5 /* TextFields */ = {
			isa = PBXGroup;
			children = (
				9FB8D1EA290E785B0020D950 /* GFTextField.swift */,
			);
			path = TextFields;
			sourceTree = "<group>";
		};
		9F4BF2942917D1BC003B72D5 /* ImageViews */ = {
			isa = PBXGroup;
			children = (
				9F72850429132C22000E96F3 /* GFAvatarImageView.swift */,
			);
			path = ImageViews;
			sourceTree = "<group>";
		};
		9F4BF2952917D1C2003B72D5 /* ViewControllers */ = {
			isa = PBXGroup;
			children = (
				9FBAA05E29240FF0004210F5 /* ItemInfoVCs */,
				9FB8D1F2290E9C350020D950 /* GFAlertVC.swift */,
				9FBAA050292287E2004210F5 /* GFUserInfoHeaderVC.swift */,
			);
			path = ViewControllers;
			sourceTree = "<group>";
		};
		9F4BF2962917D1D5003B72D5 /* Labels */ = {
			isa = PBXGroup;
			children = (
				9FB8D1EE290E99AD0020D950 /* GFTitleLabel.swift */,
				9FB8D1F0290E9B300020D950 /* GFBodyLabel.swift */,
				9FBAA0522922890A004210F5 /* GFSecondaryTitleLabel.swift */,
			);
			path = Labels;
			sourceTree = "<group>";
		};
		9F72850129132B54000E96F3 /* Cells */ = {
			isa = PBXGroup;
			children = (
				9F72850229132B73000E96F3 /* FollowerCell.swift */,
				9F7CFFB42928BF9F00C3B152 /* FavoriteCell.swift */,
			);
			path = Cells;
			sourceTree = "<group>";
		};
		9FB8D1F6290FD3820020D950 /* Screens */ = {
			isa = PBXGroup;
			children = (
				9FC54878290C102D00EB8E59 /* SearchVC.swift */,
				9FB8D1EC290E8A060020D950 /* FollowerListVC.swift */,
				9FEF4A9F2919B7E60006638F /* UserInfoVC.swift */,
				9FC5487A290C106C00EB8E59 /* FavoritesListVC.swift */,
			);
			path = Screens;
			sourceTree = "<group>";
		};
		9FB8D1F7290FD3BC0020D950 /* Custom Views */ = {
			isa = PBXGroup;
			children = (
				9F4BF2962917D1D5003B72D5 /* Labels */,
				9F4BF2952917D1C2003B72D5 /* ViewControllers */,
				9F4BF2942917D1BC003B72D5 /* ImageViews */,
				9F4BF2932917D1B5003B72D5 /* TextFields */,
				9F4BF2922917D1B0003B72D5 /* Buttons */,
				9F4BF2912917D1A8003B72D5 /* Views */,
				9F72850129132B54000E96F3 /* Cells */,
			);
			path = "Custom Views";
			sourceTree = "<group>";
		};
		9FB8D1F8290FD3ED0020D950 /* Extensions */ = {
			isa = PBXGroup;
			children = (
				9FB8D1F4290FC8DF0020D950 /* UIViewController+Ext.swift */,
				9F7CFF8E2926137B00C3B152 /* Date+Ext.swift */,
				9F7CFF90292613A000C3B152 /* String+Ext.swift */,
			);
			path = Extensions;
			sourceTree = "<group>";
		};
		9FB8D1F9290FD4480020D950 /* Support */ = {
			isa = PBXGroup;
			children = (
				9FC54864290C08FD00EB8E59 /* AppDelegate.swift */,
				9FC54866290C08FD00EB8E59 /* SceneDelegate.swift */,
				9FC5486D290C08FE00EB8E59 /* Assets.xcassets */,
				9FC5486F290C08FE00EB8E59 /* LaunchScreen.storyboard */,
			);
			path = Support;
			sourceTree = "<group>";
		};
		9FB8D1FA290FDE120020D950 /* Models */ = {
			isa = PBXGroup;
			children = (
				9FB8D1FB290FDE220020D950 /* Follower.swift */,
				9FB8D1FD290FDEEA0020D950 /* User.swift */,
			);
			path = Models;
			sourceTree = "<group>";
		};
		9FB8D20129106C1A0020D950 /* Managers */ = {
			isa = PBXGroup;
			children = (
				9FB8D20229106C300020D950 /* NetworkManager.swift */,
				9F7CFFB229281B9E00C3B152 /* PersistenceManager.swift */,
			);
			path = Managers;
			sourceTree = "<group>";
		};
		9FB8D204291126550020D950 /* Utilities */ = {
			isa = PBXGroup;
			children = (
				9FB8D205291126660020D950 /* GFError.swift */,
				9F4BF28F29164F21003B72D5 /* UIHelper.swift */,
				9FBAA054292296D4004210F5 /* Constants.swift */,
			);
			path = Utilities;
			sourceTree = "<group>";
		};
		9FBAA05E29240FF0004210F5 /* ItemInfoVCs */ = {
			isa = PBXGroup;
			children = (
				9FBAA05829240B21004210F5 /* GFItemInfoVC.swift */,
				9FBAA05A29240DD0004210F5 /* GFRepoItemVC.swift */,
				9FBAA05C29240FA5004210F5 /* GFFollowerItemVC.swift */,
			);
			path = ItemInfoVCs;
			sourceTree = "<group>";
		};
		9FC54858290C08FD00EB8E59 = {
			isa = PBXGroup;
			children = (
				9FC54863290C08FD00EB8E59 /* GHFollowers */,
				9FC54862290C08FD00EB8E59 /* Products */,
			);
			sourceTree = "<group>";
		};
		9FC54862290C08FD00EB8E59 /* Products */ = {
			isa = PBXGroup;
			children = (
				9FC54861290C08FD00EB8E59 /* GHFollowers.app */,
			);
			name = Products;
			sourceTree = "<group>";
		};
		9FC54863290C08FD00EB8E59 /* GHFollowers */ = {
			isa = PBXGroup;
			children = (
				9FB8D204291126550020D950 /* Utilities */,
				9FB8D20129106C1A0020D950 /* Managers */,
				9FB8D1FA290FDE120020D950 /* Models */,
				9FB8D1F9290FD4480020D950 /* Support */,
				9FB8D1F6290FD3820020D950 /* Screens */,
				9FB8D1F7290FD3BC0020D950 /* Custom Views */,
				9FB8D1F8290FD3ED0020D950 /* Extensions */,
				9FC54872290C08FE00EB8E59 /* Info.plist */,
			);
			path = GHFollowers;
			sourceTree = "<group>";
		};
/* End PBXGroup section */

/* Begin PBXNativeTarget section */
		9FC54860290C08FD00EB8E59 /* GHFollowers */ = {
			isa = PBXNativeTarget;
			buildConfigurationList = 9FC54875290C08FE00EB8E59 /* Build configuration list for PBXNativeTarget "GHFollowers" */;
			buildPhases = (
				9FC5485D290C08FD00EB8E59 /* Sources */,
				9FC5485E290C08FD00EB8E59 /* Frameworks */,
				9FC5485F290C08FD00EB8E59 /* Resources */,
			);
			buildRules = (
			);
			dependencies = (
			);
			name = GHFollowers;
			productName = GHFollowers;
			productReference = 9FC54861290C08FD00EB8E59 /* GHFollowers.app */;
			productType = "com.apple.product-type.application";
		};
/* End PBXNativeTarget section */

/* Begin PBXProject section */
		9FC54859290C08FD00EB8E59 /* Project object */ = {
			isa = PBXProject;
			attributes = {
				BuildIndependentTargetsInParallel = 1;
				LastSwiftUpdateCheck = 1400;
				LastUpgradeCheck = 1400;
				TargetAttributes = {
					9FC54860290C08FD00EB8E59 = {
						CreatedOnToolsVersion = 14.0.1;
					};
				};
			};
			buildConfigurationList = 9FC5485C290C08FD00EB8E59 /* Build configuration list for PBXProject "GHFollowers" */;
			compatibilityVersion = "Xcode 14.0";
			developmentRegion = en;
			hasScannedForEncodings = 0;
			knownRegions = (
				en,
				Base,
			);
			mainGroup = 9FC54858290C08FD00EB8E59;
			productRefGroup = 9FC54862290C08FD00EB8E59 /* Products */;
			projectDirPath = "";
			projectRoot = "";
			targets = (
				9FC54860290C08FD00EB8E59 /* GHFollowers */,
			);
		};
/* End PBXProject section */

/* Begin PBXResourcesBuildPhase section */
		9FC5485F290C08FD00EB8E59 /* Resources */ = {
			isa = PBXResourcesBuildPhase;
			buildActionMask = 2147483647;
			files = (
				9FC54871290C08FE00EB8E59 /* LaunchScreen.storyboard in Resources */,
				9FC5486E290C08FE00EB8E59 /* Assets.xcassets in Resources */,
			);
			runOnlyForDeploymentPostprocessing = 0;
		};
/* End PBXResourcesBuildPhase section */

/* Begin PBXSourcesBuildPhase section */
		9FC5485D290C08FD00EB8E59 /* Sources */ = {
			isa = PBXSourcesBuildPhase;
			buildActionMask = 2147483647;
			files = (
				9FB8D1FE290FDEEA0020D950 /* User.swift in Sources */,
				9FB8D1ED290E8A060020D950 /* FollowerListVC.swift in Sources */,
				9FB8D1EB290E785B0020D950 /* GFTextField.swift in Sources */,
				9F7CFF91292613A000C3B152 /* String+Ext.swift in Sources */,
				9FC5487B290C106C00EB8E59 /* FavoritesListVC.swift in Sources */,
				9FB8D1F5290FC8DF0020D950 /* UIViewController+Ext.swift in Sources */,
				9F4BF29029164F21003B72D5 /* UIHelper.swift in Sources */,
				9FBAA05929240B21004210F5 /* GFItemInfoVC.swift in Sources */,
				9FBAA055292296D4004210F5 /* Constants.swift in Sources */,
				9F72850529132C22000E96F3 /* GFAvatarImageView.swift in Sources */,
				9FB8D1E9290E75B90020D950 /* GFButton.swift in Sources */,
				9FB8D1F3290E9C350020D950 /* GFAlertVC.swift in Sources */,
				9FBAA05D29240FA5004210F5 /* GFFollowerItemVC.swift in Sources */,
				9FBAA0572924071E004210F5 /* GFItemInfoView.swift in Sources */,
				9F7CFFB52928BF9F00C3B152 /* FavoriteCell.swift in Sources */,
				9F72850329132B73000E96F3 /* FollowerCell.swift in Sources */,
				9FB8D1F1290E9B300020D950 /* GFBodyLabel.swift in Sources */,
				9F7CFFB329281B9E00C3B152 /* PersistenceManager.swift in Sources */,
				9FBAA051292287E2004210F5 /* GFUserInfoHeaderVC.swift in Sources */,
				9FB8D206291126660020D950 /* GFError.swift in Sources */,
				9FB8D1FC290FDE220020D950 /* Follower.swift in Sources */,
				9FB8D1EF290E99AD0020D950 /* GFTitleLabel.swift in Sources */,
				9F7CFF8F2926137B00C3B152 /* Date+Ext.swift in Sources */,
				9FBAA0532922890A004210F5 /* GFSecondaryTitleLabel.swift in Sources */,
				9F4BF2982917D225003B72D5 /* GFEmptyStateView.swift in Sources */,
				9FB8D20329106C300020D950 /* NetworkManager.swift in Sources */,
				9FC54879290C102D00EB8E59 /* SearchVC.swift in Sources */,
				9FC54865290C08FD00EB8E59 /* AppDelegate.swift in Sources */,
				9FC54867290C08FD00EB8E59 /* SceneDelegate.swift in Sources */,
				9FBAA05B29240DD0004210F5 /* GFRepoItemVC.swift in Sources */,
				9FEF4AA02919B7E60006638F /* UserInfoVC.swift in Sources */,
			);
			runOnlyForDeploymentPostprocessing = 0;
		};
/* End PBXSourcesBuildPhase section */

/* Begin PBXVariantGroup section */
		9FC5486F290C08FE00EB8E59 /* LaunchScreen.storyboard */ = {
			isa = PBXVariantGroup;
			children = (
				9FC54870290C08FE00EB8E59 /* Base */,
			);
			name = LaunchScreen.storyboard;
			sourceTree = "<group>";
		};
/* End PBXVariantGroup section */

/* Begin XCBuildConfiguration section */
		9FC54873290C08FE00EB8E59 /* Debug */ = {
			isa = XCBuildConfiguration;
			buildSettings = {
				ALWAYS_SEARCH_USER_PATHS = NO;
				CLANG_ANALYZER_NONNULL = YES;
				CLANG_ANALYZER_NUMBER_OBJECT_CONVERSION = YES_AGGRESSIVE;
				CLANG_CXX_LANGUAGE_STANDARD = "gnu++20";
				CLANG_ENABLE_MODULES = YES;
				CLANG_ENABLE_OBJC_ARC = YES;
				CLANG_ENABLE_OBJC_WEAK = YES;
				CLANG_WARN_BLOCK_CAPTURE_AUTORELEASING = YES;
				CLANG_WARN_BOOL_CONVERSION = YES;
				CLANG_WARN_COMMA = YES;
				CLANG_WARN_CONSTANT_CONVERSION = YES;
				CLANG_WARN_DEPRECATED_OBJC_IMPLEMENTATIONS = YES;
				CLANG_WARN_DIRECT_OBJC_ISA_USAGE = YES_ERROR;
				CLANG_WARN_DOCUMENTATION_COMMENTS = YES;
				CLANG_WARN_EMPTY_BODY = YES;
				CLANG_WARN_ENUM_CONVERSION = YES;
				CLANG_WARN_INFINITE_RECURSION = YES;
				CLANG_WARN_INT_CONVERSION = YES;
				CLANG_WARN_NON_LITERAL_NULL_CONVERSION = YES;
				CLANG_WARN_OBJC_IMPLICIT_RETAIN_SELF = YES;
				CLANG_WARN_OBJC_LITERAL_CONVERSION = YES;
				CLANG_WARN_OBJC_ROOT_CLASS = YES_ERROR;
				CLANG_WARN_QUOTED_INCLUDE_IN_FRAMEWORK_HEADER = YES;
				CLANG_WARN_RANGE_LOOP_ANALYSIS = YES;
				CLANG_WARN_STRICT_PROTOTYPES = YES;
				CLANG_WARN_SUSPICIOUS_MOVE = YES;
				CLANG_WARN_UNGUARDED_AVAILABILITY = YES_AGGRESSIVE;
				CLANG_WARN_UNREACHABLE_CODE = YES;
				CLANG_WARN__DUPLICATE_METHOD_MATCH = YES;
				COPY_PHASE_STRIP = NO;
				DEBUG_INFORMATION_FORMAT = dwarf;
				ENABLE_STRICT_OBJC_MSGSEND = YES;
				ENABLE_TESTABILITY = YES;
				GCC_C_LANGUAGE_STANDARD = gnu11;
				GCC_DYNAMIC_NO_PIC = NO;
				GCC_NO_COMMON_BLOCKS = YES;
				GCC_OPTIMIZATION_LEVEL = 0;
				GCC_PREPROCESSOR_DEFINITIONS = (
					"DEBUG=1",
					"$(inherited)",
				);
				GCC_WARN_64_TO_32_BIT_CONVERSION = YES;
				GCC_WARN_ABOUT_RETURN_TYPE = YES_ERROR;
				GCC_WARN_UNDECLARED_SELECTOR = YES;
				GCC_WARN_UNINITIALIZED_AUTOS = YES_AGGRESSIVE;
				GCC_WARN_UNUSED_FUNCTION = YES;
				GCC_WARN_UNUSED_VARIABLE = YES;
				IPHONEOS_DEPLOYMENT_TARGET = 16.0;
				MTL_ENABLE_DEBUG_INFO = INCLUDE_SOURCE;
				MTL_FAST_MATH = YES;
				ONLY_ACTIVE_ARCH = YES;
				SDKROOT = iphoneos;
				SWIFT_ACTIVE_COMPILATION_CONDITIONS = DEBUG;
				SWIFT_OPTIMIZATION_LEVEL = "-Onone";
			};
			name = Debug;
		};
		9FC54874290C08FE00EB8E59 /* Release */ = {
			isa = XCBuildConfiguration;
			buildSettings = {
				ALWAYS_SEARCH_USER_PATHS = NO;
				CLANG_ANALYZER_NONNULL = YES;
				CLANG_ANALYZER_NUMBER_OBJECT_CONVERSION = YES_AGGRESSIVE;
				CLANG_CXX_LANGUAGE_STANDARD = "gnu++20";
				CLANG_ENABLE_MODULES = YES;
				CLANG_ENABLE_OBJC_ARC = YES;
				CLANG_ENABLE_OBJC_WEAK = YES;
				CLANG_WARN_BLOCK_CAPTURE_AUTORELEASING = YES;
				CLANG_WARN_BOOL_CONVERSION = YES;
				CLANG_WARN_COMMA = YES;
				CLANG_WARN_CONSTANT_CONVERSION = YES;
				CLANG_WARN_DEPRECATED_OBJC_IMPLEMENTATIONS = YES;
				CLANG_WARN_DIRECT_OBJC_ISA_USAGE = YES_ERROR;
				CLANG_WARN_DOCUMENTATION_COMMENTS = YES;
				CLANG_WARN_EMPTY_BODY = YES;
				CLANG_WARN_ENUM_CONVERSION = YES;
				CLANG_WARN_INFINITE_RECURSION = YES;
				CLANG_WARN_INT_CONVERSION = YES;
				CLANG_WARN_NON_LITERAL_NULL_CONVERSION = YES;
				CLANG_WARN_OBJC_IMPLICIT_RETAIN_SELF = YES;
				CLANG_WARN_OBJC_LITERAL_CONVERSION = YES;
				CLANG_WARN_OBJC_ROOT_CLASS = YES_ERROR;
				CLANG_WARN_QUOTED_INCLUDE_IN_FRAMEWORK_HEADER = YES;
				CLANG_WARN_RANGE_LOOP_ANALYSIS = YES;
				CLANG_WARN_STRICT_PROTOTYPES = YES;
				CLANG_WARN_SUSPICIOUS_MOVE = YES;
				CLANG_WARN_UNGUARDED_AVAILABILITY = YES_AGGRESSIVE;
				CLANG_WARN_UNREACHABLE_CODE = YES;
				CLANG_WARN__DUPLICATE_METHOD_MATCH = YES;
				COPY_PHASE_STRIP = NO;
				DEBUG_INFORMATION_FORMAT = "dwarf-with-dsym";
				ENABLE_NS_ASSERTIONS = NO;
				ENABLE_STRICT_OBJC_MSGSEND = YES;
				GCC_C_LANGUAGE_STANDARD = gnu11;
				GCC_NO_COMMON_BLOCKS = YES;
				GCC_WARN_64_TO_32_BIT_CONVERSION = YES;
				GCC_WARN_ABOUT_RETURN_TYPE = YES_ERROR;
				GCC_WARN_UNDECLARED_SELECTOR = YES;
				GCC_WARN_UNINITIALIZED_AUTOS = YES_AGGRESSIVE;
				GCC_WARN_UNUSED_FUNCTION = YES;
				GCC_WARN_UNUSED_VARIABLE = YES;
				IPHONEOS_DEPLOYMENT_TARGET = 16.0;
				MTL_ENABLE_DEBUG_INFO = NO;
				MTL_FAST_MATH = YES;
				SDKROOT = iphoneos;
				SWIFT_COMPILATION_MODE = wholemodule;
				SWIFT_OPTIMIZATION_LEVEL = "-O";
				VALIDATE_PRODUCT = YES;
			};
			name = Release;
		};
		9FC54876290C08FE00EB8E59 /* Debug */ = {
			isa = XCBuildConfiguration;
			buildSettings = {
				ASSETCATALOG_COMPILER_APPICON_NAME = AppIcon;
				ASSETCATALOG_COMPILER_GLOBAL_ACCENT_COLOR_NAME = AccentColor;
				CODE_SIGN_STYLE = Automatic;
				CURRENT_PROJECT_VERSION = 1;
				DEVELOPMENT_TEAM = DPR7YAUBBN;
				GENERATE_INFOPLIST_FILE = YES;
				INFOPLIST_FILE = GHFollowers/Info.plist;
				INFOPLIST_KEY_UIApplicationSupportsIndirectInputEvents = YES;
				INFOPLIST_KEY_UILaunchStoryboardName = LaunchScreen;
				INFOPLIST_KEY_UISupportedInterfaceOrientations = UIInterfaceOrientationPortrait;
				INFOPLIST_KEY_UISupportedInterfaceOrientations_iPad = "UIInterfaceOrientationLandscapeLeft UIInterfaceOrientationLandscapeRight UIInterfaceOrientationPortrait UIInterfaceOrientationPortraitUpsideDown";
				LD_RUNPATH_SEARCH_PATHS = (
					"$(inherited)",
					"@executable_path/Frameworks",
				);
				MARKETING_VERSION = 1.0;
				PRODUCT_BUNDLE_IDENTIFIER = com.danilolutti.GHFollowers;
				PRODUCT_NAME = "$(TARGET_NAME)";
				SWIFT_EMIT_LOC_STRINGS = YES;
				SWIFT_VERSION = 5.0;
				TARGETED_DEVICE_FAMILY = "1,2";
			};
			name = Debug;
		};
		9FC54877290C08FE00EB8E59 /* Release */ = {
			isa = XCBuildConfiguration;
			buildSettings = {
				ASSETCATALOG_COMPILER_APPICON_NAME = AppIcon;
				ASSETCATALOG_COMPILER_GLOBAL_ACCENT_COLOR_NAME = AccentColor;
				CODE_SIGN_STYLE = Automatic;
				CURRENT_PROJECT_VERSION = 1;
				DEVELOPMENT_TEAM = DPR7YAUBBN;
				GENERATE_INFOPLIST_FILE = YES;
				INFOPLIST_FILE = GHFollowers/Info.plist;
				INFOPLIST_KEY_UIApplicationSupportsIndirectInputEvents = YES;
				INFOPLIST_KEY_UILaunchStoryboardName = LaunchScreen;
				INFOPLIST_KEY_UISupportedInterfaceOrientations = UIInterfaceOrientationPortrait;
				INFOPLIST_KEY_UISupportedInterfaceOrientations_iPad = "UIInterfaceOrientationLandscapeLeft UIInterfaceOrientationLandscapeRight UIInterfaceOrientationPortrait UIInterfaceOrientationPortraitUpsideDown";
				LD_RUNPATH_SEARCH_PATHS = (
					"$(inherited)",
					"@executable_path/Frameworks",
				);
				MARKETING_VERSION = 1.0;
				PRODUCT_BUNDLE_IDENTIFIER = com.danilolutti.GHFollowers;
				PRODUCT_NAME = "$(TARGET_NAME)";
				SWIFT_EMIT_LOC_STRINGS = YES;
				SWIFT_VERSION = 5.0;
				TARGETED_DEVICE_FAMILY = "1,2";
			};
			name = Release;
		};
/* End XCBuildConfiguration section */

/* Begin XCConfigurationList section */
		9FC5485C290C08FD00EB8E59 /* Build configuration list for PBXProject "GHFollowers" */ = {
			isa = XCConfigurationList;
			buildConfigurations = (
				9FC54873290C08FE00EB8E59 /* Debug */,
				9FC54874290C08FE00EB8E59 /* Release */,
			);
			defaultConfigurationIsVisible = 0;
			defaultConfigurationName = Release;
		};
		9FC54875290C08FE00EB8E59 /* Build configuration list for PBXNativeTarget "GHFollowers" */ = {
			isa = XCConfigurationList;
			buildConfigurations = (
				9FC54876290C08FE00EB8E59 /* Debug */,
				9FC54877290C08FE00EB8E59 /* Release */,
			);
			defaultConfigurationIsVisible = 0;
			defaultConfigurationName = Release;
		};
/* End XCConfigurationList section */
	};
	rootObject = 9FC54859290C08FD00EB8E59 /* Project object */;
}
